{
    "_meta": {
        "hash": {
            "sha256": "3d224225914b538697bb43ca2f6241c90088d6b5b8a71a51c111d13dca0284a3"
        },
        "pipfile-spec": 6,
        "requires": {
            "python_version": "3.7"
        },
        "sources": [
            {
                "name": "pypi",
                "url": "https://mirrors.aliyun.com/pypi/simple/",
                "verify_ssl": true
            }
        ]
    },
    "default": {},
    "develop": {}
}
